PODS:
  - Alamofire (5.2.1)
  - AlamofireImage (4.1.0):
    - Alamofire (~> 5.1)
  - ClusteringMarkers (1.3.1):
    - AlamofireImage (>= 4)
    - YandexMapKit
  - YandexMapKit (3.5.0):
    - YandexRuntime (= 3.5.0)
  - YandexRuntime (3.5.0)

DEPENDENCIES:
  - ClusteringMarkers (from `../`)

SPEC REPOS:
  trunk:
    - Alamofire
    - AlamofireImage
    - YandexMapKit
    - YandexRuntime

EXTERNAL SOURCES:
  ClusteringMarkers:
    :path: "../"

SPEC CHECKSUMS:
  Alamofire: e911732990610fe89af59ac0077f923d72dc3dfd
  AlamofireImage: c4a2ba349885fb3064feb74d2e547bd42ce9be10
  ClusteringMarkers: 3bd5b09aecb286e00ca6034d2a895df2b1c0823a
  YandexMapKit: ecd4b78de34a35df63d066ac299e6fd0fe46d1ba
  YandexRuntime: 2d55244d06267106cf9b00c25a1e63f72a73b6fd

PODFILE CHECKSUM: 1249784cb670a963ac4dc4c9168c9c50ef06e192

COCOAPODS: 1.11.3
