PODS:
  - ClusteringMarkers (0.1.2):
    - YandexMapKit (~> 3.0)
  - YandexMapKit (3.0.0):
    - YandexRuntime (~> 3.0)
  - YandexRuntime (3.0.0)

DEPENDENCIES:
  - ClusteringMarkers (from `../`)

EXTERNAL SOURCES:
  ClusteringMarkers:
    :path: ../

SPEC CHECKSUMS:
  ClusteringMarkers: 1fa1e808a16bdcadd178062eae4fff85df9aaeb6
  YandexMapKit: c32b57caf297c610917d6f4b66e416f07f1ca894
  YandexRuntime: 3922beb365a8f0c8ff9bd7ee914eae3efbb8103b

PODFILE CHECKSUM: 170001f1b04f4152c24ed10ffdbd56d83567c668

COCOAPODS: 1.4.0
