// !$*UTF8*$!
{
	archiveVersion = 1;
	classes = {
	};
	objectVersion = 46;
	objects = {

/* Begin PBXBuildFile section */
		1F8F290620B5B72000DCC524 /* MapViewController.swift in Sources */ = {isa = PBXBuildFile; fileRef = 1F8F28FE20B5B72000DCC524 /* MapViewController.swift */; };
		1F8F290720B5B72000DCC524 /* Assets.xcassets in Resources */ = {isa = PBXBuildFile; fileRef = 1F8F28FF20B5B72000DCC524 /* Assets.xcassets */; };
		1F8F290820B5B72000DCC524 /* LaunchScreen.storyboard in Resources */ = {isa = PBXBuildFile; fileRef = 1F8F290020B5B72000DCC524 /* LaunchScreen.storyboard */; };
		1F8F290920B5B72000DCC524 /* Main.storyboard in Resources */ = {isa = PBXBuildFile; fileRef = 1F8F290220B5B72000DCC524 /* Main.storyboard */; };
		1F8F290A20B5B72000DCC524 /* AppDelegate.swift in Sources */ = {isa = PBXBuildFile; fileRef = 1F8F290420B5B72000DCC524 /* AppDelegate.swift */; };
		1F8F291920B5B92800DCC524 /* ClusteringMarkers.framework in Frameworks */ = {isa = PBXBuildFile; fileRef = 1F8F291820B5B92800DCC524 /* ClusteringMarkers.framework */; };
		1F8F291B20B5BDB400DCC524 /* StorePin.swift in Sources */ = {isa = PBXBuildFile; fileRef = 1F8F291A20B5BDB400DCC524 /* StorePin.swift */; };
		7858CB062407E001008168F7 /* StorePinView.swift in Sources */ = {isa = PBXBuildFile; fileRef = 7858CB052407E001008168F7 /* StorePinView.swift */; };
		7858CB0C2407F823008168F7 /* StorePinImage.swift in Sources */ = {isa = PBXBuildFile; fileRef = 7858CB0B2407F823008168F7 /* StorePinImage.swift */; };
		7858CB13240831BD008168F7 /* StoreClusterView.swift in Sources */ = {isa = PBXBuildFile; fileRef = 7858CB12240831BD008168F7 /* StoreClusterView.swift */; };
		7858CB1724084F1C008168F7 /* StoreClusterStyler.swift in Sources */ = {isa = PBXBuildFile; fileRef = 7858CB1624084F1C008168F7 /* StoreClusterStyler.swift */; };
		788C97AC22A1211B00B5F387 /* Store.swift in Sources */ = {isa = PBXBuildFile; fileRef = 788C97AB22A1211B00B5F387 /* Store.swift */; };
		788C97B822A1285700B5F387 /* MapDataAdapter.swift in Sources */ = {isa = PBXBuildFile; fileRef = 788C97B722A1285700B5F387 /* MapDataAdapter.swift */; };
		78A616902406A8E10023B4CA /* WelcomeViewController.swift in Sources */ = {isa = PBXBuildFile; fileRef = 78A6168F2406A8E10023B4CA /* WelcomeViewController.swift */; };
		DF631ED1A269A33C37D80E7F /* Pods_ClusteringMarkers_Example.framework in Frameworks */ = {isa = PBXBuildFile; fileRef = 9270FFC856DA5D6C8C30B496 /* Pods_ClusteringMarkers_Example.framework */; };
/* End PBXBuildFile section */

/* Begin PBXFileReference section */
		02A4083DEF6472F20E0A6782 /* README.md */ = {isa = PBXFileReference; includeInIndex = 1; lastKnownFileType = net.daringfireball.markdown; name = README.md; path = ../README.md; sourceTree = "<group>"; };
		1F8F28FE20B5B72000DCC524 /* MapViewController.swift */ = {isa = PBXFileReference; fileEncoding = 4; lastKnownFileType = sourcecode.swift; path = MapViewController.swift; sourceTree = "<group>"; };
		1F8F28FF20B5B72000DCC524 /* Assets.xcassets */ = {isa = PBXFileReference; lastKnownFileType = folder.assetcatalog; path = Assets.xcassets; sourceTree = "<group>"; };
		1F8F290120B5B72000DCC524 /* Base */ = {isa = PBXFileReference; lastKnownFileType = file.storyboard; name = Base; path = Base.lproj/LaunchScreen.storyboard; sourceTree = "<group>"; };
		1F8F290320B5B72000DCC524 /* Base */ = {isa = PBXFileReference; lastKnownFileType = file.storyboard; name = Base; path = Base.lproj/Main.storyboard; sourceTree = "<group>"; };
		1F8F290420B5B72000DCC524 /* AppDelegate.swift */ = {isa = PBXFileReference; fileEncoding = 4; lastKnownFileType = sourcecode.swift; path = AppDelegate.swift; sourceTree = "<group>"; };
		1F8F290520B5B72000DCC524 /* Info.plist */ = {isa = PBXFileReference; fileEncoding = 4; lastKnownFileType = text.plist.xml; path = Info.plist; sourceTree = "<group>"; };
		1F8F291820B5B92800DCC524 /* ClusteringMarkers.framework */ = {isa = PBXFileReference; explicitFileType = wrapper.framework; path = ClusteringMarkers.framework; sourceTree = BUILT_PRODUCTS_DIR; };
		1F8F291A20B5BDB400DCC524 /* StorePin.swift */ = {isa = PBXFileReference; lastKnownFileType = sourcecode.swift; path = StorePin.swift; sourceTree = "<group>"; };
		607FACD01AFB9204008FA782 /* ClusteringMarkers_Example.app */ = {isa = PBXFileReference; explicitFileType = wrapper.application; includeInIndex = 0; path = ClusteringMarkers_Example.app; sourceTree = BUILT_PRODUCTS_DIR; };
		7858CB052407E001008168F7 /* StorePinView.swift */ = {isa = PBXFileReference; lastKnownFileType = sourcecode.swift; path = StorePinView.swift; sourceTree = "<group>"; };
		7858CB0B2407F823008168F7 /* StorePinImage.swift */ = {isa = PBXFileReference; lastKnownFileType = sourcecode.swift; path = StorePinImage.swift; sourceTree = "<group>"; };
		7858CB12240831BD008168F7 /* StoreClusterView.swift */ = {isa = PBXFileReference; lastKnownFileType = sourcecode.swift; path = StoreClusterView.swift; sourceTree = "<group>"; };
		7858CB1624084F1C008168F7 /* StoreClusterStyler.swift */ = {isa = PBXFileReference; lastKnownFileType = sourcecode.swift; path = StoreClusterStyler.swift; sourceTree = "<group>"; };
		788C97AB22A1211B00B5F387 /* Store.swift */ = {isa = PBXFileReference; lastKnownFileType = sourcecode.swift; path = Store.swift; sourceTree = "<group>"; };
		788C97B722A1285700B5F387 /* MapDataAdapter.swift */ = {isa = PBXFileReference; lastKnownFileType = sourcecode.swift; path = MapDataAdapter.swift; sourceTree = "<group>"; };
		78A6168F2406A8E10023B4CA /* WelcomeViewController.swift */ = {isa = PBXFileReference; lastKnownFileType = sourcecode.swift; path = WelcomeViewController.swift; sourceTree = "<group>"; };
		7D2F4C1123164813B7AFA8DC /* Pods-ClusteringMarkers_Example.debug.xcconfig */ = {isa = PBXFileReference; includeInIndex = 1; lastKnownFileType = text.xcconfig; name = "Pods-ClusteringMarkers_Example.debug.xcconfig"; path = "Pods/Target Support Files/Pods-ClusteringMarkers_Example/Pods-ClusteringMarkers_Example.debug.xcconfig"; sourceTree = "<group>"; };
		9270FFC856DA5D6C8C30B496 /* Pods_ClusteringMarkers_Example.framework */ = {isa = PBXFileReference; explicitFileType = wrapper.framework; includeInIndex = 0; path = Pods_ClusteringMarkers_Example.framework; sourceTree = BUILT_PRODUCTS_DIR; };
		C14829692308DD85E85A871A /* ClusteringMarkers.podspec */ = {isa = PBXFileReference; includeInIndex = 1; lastKnownFileType = text; name = ClusteringMarkers.podspec; path = ../ClusteringMarkers.podspec; sourceTree = "<group>"; xcLanguageSpecificationIdentifier = xcode.lang.ruby; };
		D177C46BA54AE056E9248AFC /* LICENSE */ = {isa = PBXFileReference; includeInIndex = 1; lastKnownFileType = text; name = LICENSE; path = ../LICENSE; sourceTree = "<group>"; };
		FCAD550FACEBCFDA8218CFAE /* Pods-ClusteringMarkers_Example.release.xcconfig */ = {isa = PBXFileReference; includeInIndex = 1; lastKnownFileType = text.xcconfig; name = "Pods-ClusteringMarkers_Example.release.xcconfig"; path = "Pods/Target Support Files/Pods-ClusteringMarkers_Example/Pods-ClusteringMarkers_Example.release.xcconfig"; sourceTree = "<group>"; };
/* End PBXFileReference section */

/* Begin PBXFrameworksBuildPhase section */
		607FACCD1AFB9204008FA782 /* Frameworks */ = {
			isa = PBXFrameworksBuildPhase;
			buildActionMask = 2147483647;
			files = (
				1F8F291920B5B92800DCC524 /* ClusteringMarkers.framework in Frameworks */,
				DF631ED1A269A33C37D80E7F /* Pods_ClusteringMarkers_Example.framework in Frameworks */,
			);
			runOnlyForDeploymentPostprocessing = 0;
		};
/* End PBXFrameworksBuildPhase section */

/* Begin PBXGroup section */
		1F8F28FD20B5B72000DCC524 /* ExampleClusteringMarkers */ = {
			isa = PBXGroup;
			children = (
				788C97AD22A1211F00B5F387 /* Data */,
				1F8F291E20B5BDD300DCC524 /* Components */,
				788C97A722A11E3600B5F387 /* DataAdapters */,
				788C97A622A11E1F00B5F387 /* View Controllers */,
				788C97A522A11E0400B5F387 /* Resources */,
			);
			path = ExampleClusteringMarkers;
			sourceTree = "<group>";
		};
		1F8F291E20B5BDD300DCC524 /* Components */ = {
			isa = PBXGroup;
			children = (
				1F8F291A20B5BDB400DCC524 /* StorePin.swift */,
				7858CB052407E001008168F7 /* StorePinView.swift */,
				7858CB0B2407F823008168F7 /* StorePinImage.swift */,
				7858CB12240831BD008168F7 /* StoreClusterView.swift */,
				7858CB1624084F1C008168F7 /* StoreClusterStyler.swift */,
			);
			path = Components;
			sourceTree = "<group>";
		};
		607FACC71AFB9204008FA782 = {
			isa = PBXGroup;
			children = (
				607FACF51AFB993E008FA782 /* Podspec Metadata */,
				1F8F28FD20B5B72000DCC524 /* ExampleClusteringMarkers */,
				607FACD11AFB9204008FA782 /* Products */,
				7DE2FFEACE5D830B6EBEFA7E /* Pods */,
				EC2078CA7555A3C6AD494211 /* Frameworks */,
			);
			sourceTree = "<group>";
		};
		607FACD11AFB9204008FA782 /* Products */ = {
			isa = PBXGroup;
			children = (
				607FACD01AFB9204008FA782 /* ClusteringMarkers_Example.app */,
			);
			name = Products;
			sourceTree = "<group>";
		};
		607FACF51AFB993E008FA782 /* Podspec Metadata */ = {
			isa = PBXGroup;
			children = (
				C14829692308DD85E85A871A /* ClusteringMarkers.podspec */,
				02A4083DEF6472F20E0A6782 /* README.md */,
				D177C46BA54AE056E9248AFC /* LICENSE */,
			);
			name = "Podspec Metadata";
			sourceTree = "<group>";
		};
		788C97A522A11E0400B5F387 /* Resources */ = {
			isa = PBXGroup;
			children = (
				1F8F290420B5B72000DCC524 /* AppDelegate.swift */,
				1F8F28FF20B5B72000DCC524 /* Assets.xcassets */,
				1F8F290520B5B72000DCC524 /* Info.plist */,
			);
			path = Resources;
			sourceTree = "<group>";
		};
		788C97A622A11E1F00B5F387 /* View Controllers */ = {
			isa = PBXGroup;
			children = (
				78A6168F2406A8E10023B4CA /* WelcomeViewController.swift */,
				1F8F28FE20B5B72000DCC524 /* MapViewController.swift */,
				1F8F290020B5B72000DCC524 /* LaunchScreen.storyboard */,
				1F8F290220B5B72000DCC524 /* Main.storyboard */,
			);
			path = "View Controllers";
			sourceTree = "<group>";
		};
		788C97A722A11E3600B5F387 /* DataAdapters */ = {
			isa = PBXGroup;
			children = (
				788C97B722A1285700B5F387 /* MapDataAdapter.swift */,
			);
			path = DataAdapters;
			sourceTree = "<group>";
		};
		788C97AD22A1211F00B5F387 /* Data */ = {
			isa = PBXGroup;
			children = (
				788C97AB22A1211B00B5F387 /* Store.swift */,
			);
			path = Data;
			sourceTree = "<group>";
		};
		7DE2FFEACE5D830B6EBEFA7E /* Pods */ = {
			isa = PBXGroup;
			children = (
				7D2F4C1123164813B7AFA8DC /* Pods-ClusteringMarkers_Example.debug.xcconfig */,
				FCAD550FACEBCFDA8218CFAE /* Pods-ClusteringMarkers_Example.release.xcconfig */,
			);
			name = Pods;
			sourceTree = "<group>";
		};
		EC2078CA7555A3C6AD494211 /* Frameworks */ = {
			isa = PBXGroup;
			children = (
				1F8F291820B5B92800DCC524 /* ClusteringMarkers.framework */,
				9270FFC856DA5D6C8C30B496 /* Pods_ClusteringMarkers_Example.framework */,
			);
			name = Frameworks;
			sourceTree = "<group>";
		};
/* End PBXGroup section */

/* Begin PBXNativeTarget section */
		607FACCF1AFB9204008FA782 /* ClusteringMarkers_Example */ = {
			isa = PBXNativeTarget;
			buildConfigurationList = 607FACEF1AFB9204008FA782 /* Build configuration list for PBXNativeTarget "ClusteringMarkers_Example" */;
			buildPhases = (
				0FD5A9CB7ADC507E12211A52 /* [CP] Check Pods Manifest.lock */,
				607FACCC1AFB9204008FA782 /* Sources */,
				607FACCD1AFB9204008FA782 /* Frameworks */,
				607FACCE1AFB9204008FA782 /* Resources */,
				E9C5C2F06FD9CC9F79B084D1 /* [CP] Copy Pods Resources */,
				6E0EDE614BC35140584E2BF0 /* [CP] Embed Pods Frameworks */,
			);
			buildRules = (
			);
			dependencies = (
			);
			name = ClusteringMarkers_Example;
			productName = ClusteringMarkers;
			productReference = 607FACD01AFB9204008FA782 /* ClusteringMarkers_Example.app */;
			productType = "com.apple.product-type.application";
		};
/* End PBXNativeTarget section */

/* Begin PBXProject section */
		607FACC81AFB9204008FA782 /* Project object */ = {
			isa = PBXProject;
			attributes = {
				LastSwiftUpdateCheck = 0830;
				LastUpgradeCheck = 0830;
				ORGANIZATIONNAME = CocoaPods;
				TargetAttributes = {
					607FACCF1AFB9204008FA782 = {
						CreatedOnToolsVersion = 6.3.1;
						DevelopmentTeam = C538825TBW;
						LastSwiftMigration = 0900;
					};
				};
			};
			buildConfigurationList = 607FACCB1AFB9204008FA782 /* Build configuration list for PBXProject "ClusteringMarkers" */;
			compatibilityVersion = "Xcode 3.2";
			developmentRegion = English;
			hasScannedForEncodings = 0;
			knownRegions = (
				English,
				en,
				Base,
			);
			mainGroup = 607FACC71AFB9204008FA782;
			productRefGroup = 607FACD11AFB9204008FA782 /* Products */;
			projectDirPath = "";
			projectRoot = "";
			targets = (
				607FACCF1AFB9204008FA782 /* ClusteringMarkers_Example */,
			);
		};
/* End PBXProject section */

/* Begin PBXResourcesBuildPhase section */
		607FACCE1AFB9204008FA782 /* Resources */ = {
			isa = PBXResourcesBuildPhase;
			buildActionMask = 2147483647;
			files = (
				1F8F290920B5B72000DCC524 /* Main.storyboard in Resources */,
				1F8F290720B5B72000DCC524 /* Assets.xcassets in Resources */,
				1F8F290820B5B72000DCC524 /* LaunchScreen.storyboard in Resources */,
			);
			runOnlyForDeploymentPostprocessing = 0;
		};
/* End PBXResourcesBuildPhase section */

/* Begin PBXShellScriptBuildPhase section */
		0FD5A9CB7ADC507E12211A52 /* [CP] Check Pods Manifest.lock */ = {
			isa = PBXShellScriptBuildPhase;
			buildActionMask = 2147483647;
			files = (
			);
			inputPaths = (
				"${PODS_PODFILE_DIR_PATH}/Podfile.lock",
				"${PODS_ROOT}/Manifest.lock",
			);
			name = "[CP] Check Pods Manifest.lock";
			outputPaths = (
				"$(DERIVED_FILE_DIR)/Pods-ClusteringMarkers_Example-checkManifestLockResult.txt",
			);
			runOnlyForDeploymentPostprocessing = 0;
			shellPath = /bin/sh;
			shellScript = "diff \"${PODS_PODFILE_DIR_PATH}/Podfile.lock\" \"${PODS_ROOT}/Manifest.lock\" > /dev/null\nif [ $? != 0 ] ; then\n    # print error to STDERR\n    echo \"error: The sandbox is not in sync with the Podfile.lock. Run 'pod install' or update your CocoaPods installation.\" >&2\n    exit 1\nfi\n# This output is used by Xcode 'outputs' to avoid re-running this script phase.\necho \"SUCCESS\" > \"${SCRIPT_OUTPUT_FILE_0}\"\n";
			showEnvVarsInLog = 0;
		};
		6E0EDE614BC35140584E2BF0 /* [CP] Embed Pods Frameworks */ = {
			isa = PBXShellScriptBuildPhase;
			buildActionMask = 2147483647;
			files = (
			);
			inputPaths = (
				"${PODS_ROOT}/Target Support Files/Pods-ClusteringMarkers_Example/Pods-ClusteringMarkers_Example-frameworks.sh",
				"${BUILT_PRODUCTS_DIR}/Alamofire/Alamofire.framework",
				"${BUILT_PRODUCTS_DIR}/AlamofireImage/AlamofireImage.framework",
			);
			name = "[CP] Embed Pods Frameworks";
			outputPaths = (
				"${TARGET_BUILD_DIR}/${FRAMEWORKS_FOLDER_PATH}/Alamofire.framework",
				"${TARGET_BUILD_DIR}/${FRAMEWORKS_FOLDER_PATH}/AlamofireImage.framework",
			);
			runOnlyForDeploymentPostprocessing = 0;
			shellPath = /bin/sh;
			shellScript = "\"${PODS_ROOT}/Target Support Files/Pods-ClusteringMarkers_Example/Pods-ClusteringMarkers_Example-frameworks.sh\"\n";
			showEnvVarsInLog = 0;
		};
		E9C5C2F06FD9CC9F79B084D1 /* [CP] Copy Pods Resources */ = {
			isa = PBXShellScriptBuildPhase;
			buildActionMask = 2147483647;
			files = (
			);
			inputPaths = (
				"${PODS_ROOT}/Target Support Files/Pods-ClusteringMarkers_Example/Pods-ClusteringMarkers_Example-resources.sh",
				"${PODS_ROOT}/YandexMapKit/YandexMapKit.framework/Versions/A/Resources/YandexMapKit.bundle",
				"${PODS_ROOT}/YandexRuntime/YandexRuntime.framework/Versions/A/Resources/YandexRuntime.bundle",
			);
			name = "[CP] Copy Pods Resources";
			outputPaths = (
				"${TARGET_BUILD_DIR}/${UNLOCALIZED_RESOURCES_FOLDER_PATH}/YandexMapKit.bundle",
				"${TARGET_BUILD_DIR}/${UNLOCALIZED_RESOURCES_FOLDER_PATH}/YandexRuntime.bundle",
			);
			runOnlyForDeploymentPostprocessing = 0;
			shellPath = /bin/sh;
			shellScript = "\"${PODS_ROOT}/Target Support Files/Pods-ClusteringMarkers_Example/Pods-ClusteringMarkers_Example-resources.sh\"\n";
			showEnvVarsInLog = 0;
		};
/* End PBXShellScriptBuildPhase section */

/* Begin PBXSourcesBuildPhase section */
		607FACCC1AFB9204008FA782 /* Sources */ = {
			isa = PBXSourcesBuildPhase;
			buildActionMask = 2147483647;
			files = (
				788C97AC22A1211B00B5F387 /* Store.swift in Sources */,
				1F8F291B20B5BDB400DCC524 /* StorePin.swift in Sources */,
				7858CB0C2407F823008168F7 /* StorePinImage.swift in Sources */,
				1F8F290A20B5B72000DCC524 /* AppDelegate.swift in Sources */,
				7858CB062407E001008168F7 /* StorePinView.swift in Sources */,
				7858CB1724084F1C008168F7 /* StoreClusterStyler.swift in Sources */,
				788C97B822A1285700B5F387 /* MapDataAdapter.swift in Sources */,
				1F8F290620B5B72000DCC524 /* MapViewController.swift in Sources */,
				78A616902406A8E10023B4CA /* WelcomeViewController.swift in Sources */,
				7858CB13240831BD008168F7 /* StoreClusterView.swift in Sources */,
			);
			runOnlyForDeploymentPostprocessing = 0;
		};
/* End PBXSourcesBuildPhase section */

/* Begin PBXVariantGroup section */
		1F8F290020B5B72000DCC524 /* LaunchScreen.storyboard */ = {
			isa = PBXVariantGroup;
			children = (
				1F8F290120B5B72000DCC524 /* Base */,
			);
			name = LaunchScreen.storyboard;
			sourceTree = "<group>";
		};
		1F8F290220B5B72000DCC524 /* Main.storyboard */ = {
			isa = PBXVariantGroup;
			children = (
				1F8F290320B5B72000DCC524 /* Base */,
			);
			name = Main.storyboard;
			sourceTree = "<group>";
		};
/* End PBXVariantGroup section */

/* Begin XCBuildConfiguration section */
		607FACED1AFB9204008FA782 /* Debug */ = {
			isa = XCBuildConfiguration;
			buildSettings = {
				ALWAYS_SEARCH_USER_PATHS = NO;
				CLANG_CXX_LANGUAGE_STANDARD = "gnu++0x";
				CLANG_CXX_LIBRARY = "libc++";
				CLANG_ENABLE_MODULES = YES;
				CLANG_ENABLE_OBJC_ARC = YES;
				CLANG_WARN_BLOCK_CAPTURE_AUTORELEASING = YES;
				CLANG_WARN_BOOL_CONVERSION = YES;
				CLANG_WARN_COMMA = YES;
				CLANG_WARN_CONSTANT_CONVERSION = YES;
				CLANG_WARN_DIRECT_OBJC_ISA_USAGE = YES_ERROR;
				CLANG_WARN_EMPTY_BODY = YES;
				CLANG_WARN_ENUM_CONVERSION = YES;
				CLANG_WARN_INFINITE_RECURSION = YES;
				CLANG_WARN_INT_CONVERSION = YES;
				CLANG_WARN_NON_LITERAL_NULL_CONVERSION = YES;
				CLANG_WARN_OBJC_LITERAL_CONVERSION = YES;
				CLANG_WARN_OBJC_ROOT_CLASS = YES_ERROR;
				CLANG_WARN_RANGE_LOOP_ANALYSIS = YES;
				CLANG_WARN_STRICT_PROTOTYPES = YES;
				CLANG_WARN_SUSPICIOUS_MOVE = YES;
				CLANG_WARN_UNREACHABLE_CODE = YES;
				CLANG_WARN__DUPLICATE_METHOD_MATCH = YES;
				"CODE_SIGN_IDENTITY[sdk=iphoneos*]" = "iPhone Developer";
				COPY_PHASE_STRIP = NO;
				DEBUG_INFORMATION_FORMAT = "dwarf-with-dsym";
				ENABLE_STRICT_OBJC_MSGSEND = YES;
				ENABLE_TESTABILITY = YES;
				GCC_C_LANGUAGE_STANDARD = gnu99;
				GCC_DYNAMIC_NO_PIC = NO;
				GCC_NO_COMMON_BLOCKS = YES;
				GCC_OPTIMIZATION_LEVEL = 0;
				GCC_PREPROCESSOR_DEFINITIONS = (
					"DEBUG=1",
					"$(inherited)",
				);
				GCC_SYMBOLS_PRIVATE_EXTERN = NO;
				GCC_WARN_64_TO_32_BIT_CONVERSION = YES;
				GCC_WARN_ABOUT_RETURN_TYPE = YES_ERROR;
				GCC_WARN_UNDECLARED_SELECTOR = YES;
				GCC_WARN_UNINITIALIZED_AUTOS = YES_AGGRESSIVE;
				GCC_WARN_UNUSED_FUNCTION = YES;
				GCC_WARN_UNUSED_VARIABLE = YES;
				IPHONEOS_DEPLOYMENT_TARGET = 10.0;
				MTL_ENABLE_DEBUG_INFO = YES;
				ONLY_ACTIVE_ARCH = YES;
				SDKROOT = iphoneos;
				SWIFT_OPTIMIZATION_LEVEL = "-Onone";
			};
			name = Debug;
		};
		607FACEE1AFB9204008FA782 /* Release */ = {
			isa = XCBuildConfiguration;
			buildSettings = {
				ALWAYS_SEARCH_USER_PATHS = NO;
				CLANG_CXX_LANGUAGE_STANDARD = "gnu++0x";
				CLANG_CXX_LIBRARY = "libc++";
				CLANG_ENABLE_MODULES = YES;
				CLANG_ENABLE_OBJC_ARC = YES;
				CLANG_WARN_BLOCK_CAPTURE_AUTORELEASING = YES;
				CLANG_WARN_BOOL_CONVERSION = YES;
				CLANG_WARN_COMMA = YES;
				CLANG_WARN_CONSTANT_CONVERSION = YES;
				CLANG_WARN_DIRECT_OBJC_ISA_USAGE = YES_ERROR;
				CLANG_WARN_EMPTY_BODY = YES;
				CLANG_WARN_ENUM_CONVERSION = YES;
				CLANG_WARN_INFINITE_RECURSION = YES;
				CLANG_WARN_INT_CONVERSION = YES;
				CLANG_WARN_NON_LITERAL_NULL_CONVERSION = YES;
				CLANG_WARN_OBJC_LITERAL_CONVERSION = YES;
				CLANG_WARN_OBJC_ROOT_CLASS = YES_ERROR;
				CLANG_WARN_RANGE_LOOP_ANALYSIS = YES;
				CLANG_WARN_STRICT_PROTOTYPES = YES;
				CLANG_WARN_SUSPICIOUS_MOVE = YES;
				CLANG_WARN_UNREACHABLE_CODE = YES;
				CLANG_WARN__DUPLICATE_METHOD_MATCH = YES;
				"CODE_SIGN_IDENTITY[sdk=iphoneos*]" = "iPhone Developer";
				COPY_PHASE_STRIP = NO;
				DEBUG_INFORMATION_FORMAT = "dwarf-with-dsym";
				ENABLE_NS_ASSERTIONS = NO;
				ENABLE_STRICT_OBJC_MSGSEND = YES;
				GCC_C_LANGUAGE_STANDARD = gnu99;
				GCC_NO_COMMON_BLOCKS = YES;
				GCC_WARN_64_TO_32_BIT_CONVERSION = YES;
				GCC_WARN_ABOUT_RETURN_TYPE = YES_ERROR;
				GCC_WARN_UNDECLARED_SELECTOR = YES;
				GCC_WARN_UNINITIALIZED_AUTOS = YES_AGGRESSIVE;
				GCC_WARN_UNUSED_FUNCTION = YES;
				GCC_WARN_UNUSED_VARIABLE = YES;
				IPHONEOS_DEPLOYMENT_TARGET = 10.0;
				MTL_ENABLE_DEBUG_INFO = NO;
				SDKROOT = iphoneos;
				SWIFT_OPTIMIZATION_LEVEL = "-Owholemodule";
				VALIDATE_PRODUCT = YES;
			};
			name = Release;
		};
		607FACF01AFB9204008FA782 /* Debug */ = {
			isa = XCBuildConfiguration;
			baseConfigurationReference = 7D2F4C1123164813B7AFA8DC /* Pods-ClusteringMarkers_Example.debug.xcconfig */;
			buildSettings = {
				ASSETCATALOG_COMPILER_APPICON_NAME = AppIcon;
				DEVELOPMENT_TEAM = C538825TBW;
				INFOPLIST_FILE = "$(SRCROOT)/ExampleClusteringMarkers/Resources/Info.plist";
				LD_RUNPATH_SEARCH_PATHS = "$(inherited) @executable_path/Frameworks";
				MODULE_NAME = ExampleApp;
				PRODUCT_BUNDLE_IDENTIFIER = "org.cocoapods.demo.$(PRODUCT_NAME:rfc1034identifier)";
				PRODUCT_NAME = "$(TARGET_NAME)";
				SWIFT_SWIFT3_OBJC_INFERENCE = Default;
				SWIFT_VERSION = 5.0;
			};
			name = Debug;
		};
		607FACF11AFB9204008FA782 /* Release */ = {
			isa = XCBuildConfiguration;
			baseConfigurationReference = FCAD550FACEBCFDA8218CFAE /* Pods-ClusteringMarkers_Example.release.xcconfig */;
			buildSettings = {
				ASSETCATALOG_COMPILER_APPICON_NAME = AppIcon;
				DEVELOPMENT_TEAM = C538825TBW;
				INFOPLIST_FILE = "$(SRCROOT)/ExampleClusteringMarkers/Resources/Info.plist";
				LD_RUNPATH_SEARCH_PATHS = "$(inherited) @executable_path/Frameworks";
				MODULE_NAME = ExampleApp;
				PRODUCT_BUNDLE_IDENTIFIER = "org.cocoapods.demo.$(PRODUCT_NAME:rfc1034identifier)";
				PRODUCT_NAME = "$(TARGET_NAME)";
				SWIFT_SWIFT3_OBJC_INFERENCE = Default;
				SWIFT_VERSION = 5.0;
			};
			name = Release;
		};
/* End XCBuildConfiguration section */

/* Begin XCConfigurationList section */
		607FACCB1AFB9204008FA782 /* Build configuration list for PBXProject "ClusteringMarkers" */ = {
			isa = XCConfigurationList;
			buildConfigurations = (
				607FACED1AFB9204008FA782 /* Debug */,
				607FACEE1AFB9204008FA782 /* Release */,
			);
			defaultConfigurationIsVisible = 0;
			defaultConfigurationName = Release;
		};
		607FACEF1AFB9204008FA782 /* Build configuration list for PBXNativeTarget "ClusteringMarkers_Example" */ = {
			isa = XCConfigurationList;
			buildConfigurations = (
				607FACF01AFB9204008FA782 /* Debug */,
				607FACF11AFB9204008FA782 /* Release */,
			);
			defaultConfigurationIsVisible = 0;
			defaultConfigurationName = Release;
		};
/* End XCConfigurationList section */
	};
	rootObject = 607FACC81AFB9204008FA782 /* Project object */;
}
